
Microsoft Visual Studio Solution File, Format Version 12.00
# Visual Studio Version 16
VisualStudioVersion = 16.0.30128.74
MinimumVisualStudioVersion = 10.0.40219.1
Project("{FAE04EC0-301F-11D3-BF4B-00C04F79EFBC}") = "ProyectoStarTech", "ProyectoStarTech\ProyectoStarTech.csproj", "{FDF92B84-F260-45A9-B838-A7C2F5703EA6}"
EndProject
Global
	GlobalSection(SolutionConfigurationPlatforms) = preSolution
		Debug|Any CPU = Debug|Any CPU
		Release|Any CPU = Release|Any CPU
	EndGlobalSection
	GlobalSection(ProjectConfigurationPlatforms) = postSolution
		{FDF92B84-F260-45A9-B838-A7C2F5703EA6}.Debug|Any CPU.ActiveCfg = Debug|Any CPU
		{FDF92B84-F260-45A9-B838-A7C2F5703EA6}.Debug|Any CPU.Build.0 = Debug|Any CPU
		{FDF92B84-F260-45A9-B838-A7C2F5703EA6}.Release|Any CPU.ActiveCfg = Release|Any CPU
		{FDF92B84-F260-45A9-B838-A7C2F5703EA6}.Release|Any CPU.Build.0 = Release|Any CPU
	EndGlobalSection
	GlobalSection(SolutionProperties) = preSolution
		HideSolutionNode = FALSE
	EndGlobalSection
	GlobalSection(ExtensibilityGlobals) = postSolution
		SolutionGuid = {5E574263-6176-4378-8723-0AB447C6C527}
	EndGlobalSection
EndGlobal
